PODS:
  - ActionSheetPicker-3.0 (2.3.0)
  - Agrume (5.3.2):
    - SwiftyGif
  - Alamofire (4.8.1)
  - AlamofireObjectMapper (5.2.0):
    - Alamofire (~> 4.7)
    - ObjectMapper (~> 3.4)
  - ChameleonFramework/Default (2.1.0)
  - ChameleonFramework/Swift (2.1.0):
    - ChameleonFramework/Default
  - CryptoSwift (1.0.0)
  - IGListKit (3.4.0):
    - IGListKit/Default (= 3.4.0)
  - IGListKit/Default (3.4.0):
    - IGListKit/Diffing
  - IGListKit/Diffing (3.4.0)
  - InputBarAccessoryView (4.3.1):
    - InputBarAccessoryView/Core (= 4.3.1)
  - InputBarAccessoryView/Core (4.3.1)
  - Magnetic (3.1.0)
  - MessageKit (3.1.0):
    - InputBarAccessoryView (~> 4.3.0)
  - ObjectMapper (3.5.1)
  - Pastel (0.6.0)
  - PinterestSegment (1.2.3)
  - SDWebImage (5.1.1):
    - SDWebImage/Core (= 5.1.1)
  - SDWebImage/Core (5.1.1)
  - ShadowView (1.4.3)
  - SkyFloatingLabelTextField (3.7.0)
  - SwiftSignalRClient (0.6.2)
  - SwiftyGif (5.1.1)
  - TOCropViewController (2.5.1)

DEPENDENCIES:
  - ActionSheetPicker-3.0
  - Agrume
  - Alamofire (= 4.8.1)
  - AlamofireObjectMapper (= 5.2)
  - ChameleonFramework/Swift (from `https://github.com/kenmueller/Chameleon.git`)
  - CryptoSwift
  - IGListKit
  - Magnetic (from `https://github.com/TomKicloud/Magnetic.git`)
  - MessageKit (from `https://github.com/MessageKit/MessageKit.git`, branch `3.0.0-swift5`)
  - Pastel
  - PinterestSegment
  - SDWebImage
  - ShadowView
  - SkyFloatingLabelTextField
  - SwiftSignalRClient
  - SwiftyGif (= 5.1.1)
  - TOCropViewController

SPEC REPOS:
  https://github.com/cocoapods/specs.git:
    - ActionSheetPicker-3.0
    - Agrume
    - Alamofire
    - AlamofireObjectMapper
    - CryptoSwift
    - IGListKit
    - InputBarAccessoryView
    - ObjectMapper
    - Pastel
    - PinterestSegment
    - SDWebImage
    - ShadowView
    - SkyFloatingLabelTextField
    - SwiftSignalRClient
    - SwiftyGif
    - TOCropViewController

EXTERNAL SOURCES:
  ChameleonFramework:
    :git: https://github.com/kenmueller/Chameleon.git
  Magnetic:
    :git: https://github.com/TomKicloud/Magnetic.git
  MessageKit:
    :branch: 3.0.0-swift5
    :git: https://github.com/MessageKit/MessageKit.git

CHECKOUT OPTIONS:
  ChameleonFramework:
    :commit: f41669a6a8a91203c06cfb6fbc0a7f5769dae3f9
    :git: https://github.com/kenmueller/Chameleon.git
  Magnetic:
    :commit: 99084418828366523b360c2af92092eb6b6b104b
    :git: https://github.com/TomKicloud/Magnetic.git
  MessageKit:
    :commit: 9a7d4b414be9050bf477f52303df8943d0264ec0
    :git: https://github.com/MessageKit/MessageKit.git

SPEC CHECKSUMS:
  ActionSheetPicker-3.0: eef157d75e151f255c5333d26656c7fbfe905a51
  Agrume: 171c1d1079324195c7ce04af4c7a66d86a9cf952
  Alamofire: 16ce2c353fb72865124ddae8a57c5942388f4f11
  AlamofireObjectMapper: 92b6ce2423a9d159e686f6a1d514a009bf903ddc
  ChameleonFramework: d21a3cc247abfe5e37609a283a8238b03575cf64
  CryptoSwift: d81eeaa59dc5a8d03720fe919a6fd07b51f7439f
  IGListKit: 7a5d788e9fb746bcd402baa8e8b24bc3bd2a5a07
  InputBarAccessoryView: 58a348be7ea2736c7eec60e5c315511c2dbb39fd
  Magnetic: 93655c6d01bd75643b4329dfbcdd0733f95ee757
  MessageKit: 3beb578737a5aa2bba25cc27c7b6d6faa09af5a7
  ObjectMapper: 70187b8941977c62ccfb423caf6b50be405cabf0
  Pastel: 814f081efbe2859c37e65ee44f396e6e5be88619
  PinterestSegment: 3dd673ffd9feb00dc7816bb1e503d70459e8eaa8
  SDWebImage: 96d7f03415ccb28d299d765f93557ff8a617abd8
  ShadowView: d2d92fd2706b3f6a182be2147149db0b1cf7700d
  SkyFloatingLabelTextField: 4b46db0ab1ccde0919cded29c656e6b4805eda04
  SwiftSignalRClient: c6a7341d28d58d65e820fff2680efb16b711e9be
  SwiftyGif: f7702483db93586a41f04f4927cd682852a2fa10
  TOCropViewController: 00dc36c4e4a0f4a45efa91adbf22df8a4fae01d3

PODFILE CHECKSUM: 6d56291d60fd033a22dde061939f881b4c002955

COCOAPODS: 1.7.5
