// !$*UTF8*$!
{
	archiveVersion = 1;
	classes = {
	};
	objectVersion = 51;
	objects = {

/* Begin PBXBuildFile section */
		3D83D19514CF14694B8E56B2 /* Pods_EduChat.framework in Frameworks */ = {isa = PBXBuildFile; fileRef = DC0AD9554694451EBFBE752E /* Pods_EduChat.framework */; };
		E2030E9722FEFBE600932345 /* AppDelegate.swift in Sources */ = {isa = PBXBuildFile; fileRef = E2030E9622FEFBE600932345 /* AppDelegate.swift */; };
		E2030E9922FEFBE600932345 /* ViewController.swift in Sources */ = {isa = PBXBuildFile; fileRef = E2030E9822FEFBE600932345 /* ViewController.swift */; };
		E2030E9C22FEFBE600932345 /* Main.storyboard in Resources */ = {isa = PBXBuildFile; fileRef = E2030E9A22FEFBE600932345 /* Main.storyboard */; };
		E2030E9E22FEFBEA00932345 /* Assets.xcassets in Resources */ = {isa = PBXBuildFile; fileRef = E2030E9D22FEFBEA00932345 /* Assets.xcassets */; };
		E2030EA122FEFBEA00932345 /* LaunchScreen.storyboard in Resources */ = {isa = PBXBuildFile; fileRef = E2030E9F22FEFBEA00932345 /* LaunchScreen.storyboard */; };
		E2190562231FA06400612407 /* Profile_Subject_Manager.swift in Sources */ = {isa = PBXBuildFile; fileRef = E2190561231FA06400612407 /* Profile_Subject_Manager.swift */; };
		E227CC6723A91E7100D0BDDA /* FeedPostContentCell.swift in Sources */ = {isa = PBXBuildFile; fileRef = E227CC6623A91E7100D0BDDA /* FeedPostContentCell.swift */; };
		E22E869523CF440800447E38 /* EduChat+UIButton.swift in Sources */ = {isa = PBXBuildFile; fileRef = E22E869423CF440800447E38 /* EduChat+UIButton.swift */; };
		E22EBE1423D7386D006B0893 /* FeedQuizCreateModels.swift in Sources */ = {isa = PBXBuildFile; fileRef = E22EBE1323D7386D006B0893 /* FeedQuizCreateModels.swift */; };
		E22EBE1623D7452B006B0893 /* FeedCreateQuizController.swift in Sources */ = {isa = PBXBuildFile; fileRef = E22EBE1523D7452B006B0893 /* FeedCreateQuizController.swift */; };
		E23ACAFA2326885900A97BCC /* ChatMethods.swift in Sources */ = {isa = PBXBuildFile; fileRef = E23ACAF92326885900A97BCC /* ChatMethods.swift */; };
		E23DF35C2304C5A300864B09 /* ActivityView.swift in Sources */ = {isa = PBXBuildFile; fileRef = E23DF35B2304C5A300864B09 /* ActivityView.swift */; };
		E249D5A7231EBFE100E90DB3 /* Montserrat-Regular.ttf in Resources */ = {isa = PBXBuildFile; fileRef = E249D59F231EBFE000E90DB3 /* Montserrat-Regular.ttf */; };
		E249D5A8231EBFE100E90DB3 /* Montserrat-SemiBoldItalic.ttf in Resources */ = {isa = PBXBuildFile; fileRef = E249D5A0231EBFE000E90DB3 /* Montserrat-SemiBoldItalic.ttf */; };
		E249D5A9231EBFE100E90DB3 /* Montserrat-ExtraBold.ttf in Resources */ = {isa = PBXBuildFile; fileRef = E249D5A1231EBFE000E90DB3 /* Montserrat-ExtraBold.ttf */; };
		E249D5AA231EBFE100E90DB3 /* Montserrat-Italic.ttf in Resources */ = {isa = PBXBuildFile; fileRef = E249D5A2231EBFE000E90DB3 /* Montserrat-Italic.ttf */; };
		E249D5AB231EBFE100E90DB3 /* Montserrat-Light.ttf in Resources */ = {isa = PBXBuildFile; fileRef = E249D5A3231EBFE000E90DB3 /* Montserrat-Light.ttf */; };
		E249D5AC231EBFE100E90DB3 /* Montserrat-LightItalic.ttf in Resources */ = {isa = PBXBuildFile; fileRef = E249D5A4231EBFE100E90DB3 /* Montserrat-LightItalic.ttf */; };
		E249D5AD231EBFE100E90DB3 /* Montserrat-Medium.ttf in Resources */ = {isa = PBXBuildFile; fileRef = E249D5A5231EBFE100E90DB3 /* Montserrat-Medium.ttf */; };
		E249D5AE231EBFE100E90DB3 /* Montserrat-Bold.ttf in Resources */ = {isa = PBXBuildFile; fileRef = E249D5A6231EBFE100E90DB3 /* Montserrat-Bold.ttf */; };
		E249D5B1231EC7CC00E90DB3 /* profileSubjectCell.swift in Sources */ = {isa = PBXBuildFile; fileRef = E249D5B0231EC7CC00E90DB3 /* profileSubjectCell.swift */; };
		E249D5B3231EE91E00E90DB3 /* Profile_Host.swift in Sources */ = {isa = PBXBuildFile; fileRef = E249D5B2231EE91E00E90DB3 /* Profile_Host.swift */; };
		E24C0D9B23D8783600A2C157 /* EduChat+UITextField.swift in Sources */ = {isa = PBXBuildFile; fileRef = E24C0D9A23D8783600A2C157 /* EduChat+UITextField.swift */; };
		E24F0CD62322D3300007B247 /* Chat_Signal.swift in Sources */ = {isa = PBXBuildFile; fileRef = E24F0CD52322D3300007B247 /* Chat_Signal.swift */; };
		E2552955232C38E9009714D9 /* ChatMessage.swift in Sources */ = {isa = PBXBuildFile; fileRef = E2552954232C38E9009714D9 /* ChatMessage.swift */; };
		E256D29923CC6DF800A7F43A /* EduChat+UITextView.swift in Sources */ = {isa = PBXBuildFile; fileRef = E256D29823CC6DF800A7F43A /* EduChat+UITextView.swift */; };
		E25AC71B23CC6892002E3DB1 /* FeedCreateController.swift in Sources */ = {isa = PBXBuildFile; fileRef = E25AC71A23CC6892002E3DB1 /* FeedCreateController.swift */; };
		E25B717923116BF900393E22 /* SubjectPickerSignup.swift in Sources */ = {isa = PBXBuildFile; fileRef = E25B717823116BF900393E22 /* SubjectPickerSignup.swift */; };
		E25B717B23116E6F00393E22 /* Subject.swift in Sources */ = {isa = PBXBuildFile; fileRef = E25B717A23116E6F00393E22 /* Subject.swift */; };
		E25B717D23116E6F00393E22 /* SubjectMethods.swift in Sources */ = {isa = PBXBuildFile; fileRef = E25B717C23116E6F00393E22 /* SubjectMethods.swift */; };
		E25D565C23A11974005A8750 /* Chat_Create.swift in Sources */ = {isa = PBXBuildFile; fileRef = E25D565B23A11974005A8750 /* Chat_Create.swift */; };
		E25D565E23A11B08005A8750 /* ChatCreateUserCell.swift in Sources */ = {isa = PBXBuildFile; fileRef = E25D565D23A11B08005A8750 /* ChatCreateUserCell.swift */; };
		E25DE506233118B0007829E1 /* Chat_View.swift in Sources */ = {isa = PBXBuildFile; fileRef = E25DE505233118B0007829E1 /* Chat_View.swift */; };
		E25DF8CF238D6F390058A8A1 /* MediaItems.swift in Sources */ = {isa = PBXBuildFile; fileRef = E25DF8CE238D6F390058A8A1 /* MediaItems.swift */; };
		E25E613823BBA69400943EC6 /* FeedPost.swift in Sources */ = {isa = PBXBuildFile; fileRef = E25E613723BBA69400943EC6 /* FeedPost.swift */; };
		E25E613A23BBAB8000943EC6 /* FeedMethods.swift in Sources */ = {isa = PBXBuildFile; fileRef = E25E613923BBAB8000943EC6 /* FeedMethods.swift */; };
		E264DCAA23D7B6A500C00604 /* FeedCreateQuizQuestionController.swift in Sources */ = {isa = PBXBuildFile; fileRef = E264DCA923D7B6A500C00604 /* FeedCreateQuizQuestionController.swift */; };
		E2656D31231FA2FB00D791F7 /* Profile_Subject_Cell.swift in Sources */ = {isa = PBXBuildFile; fileRef = E2656D30231FA2FB00D791F7 /* Profile_Subject_Cell.swift */; };
		E2656D35231FCEFD00D791F7 /* Settings_Controller.swift in Sources */ = {isa = PBXBuildFile; fileRef = E2656D34231FCEFD00D791F7 /* Settings_Controller.swift */; };
		E2656D39231FD33E00D791F7 /* Settings_Host.swift in Sources */ = {isa = PBXBuildFile; fileRef = E2656D38231FD33E00D791F7 /* Settings_Host.swift */; };
		E2656D3B232027C400D791F7 /* Settings_Profile_Pic.swift in Sources */ = {isa = PBXBuildFile; fileRef = E2656D3A232027C400D791F7 /* Settings_Profile_Pic.swift */; };
		E267BB3423CF936200462007 /* EduChat+UIStackView.swift in Sources */ = {isa = PBXBuildFile; fileRef = E267BB3323CF936200462007 /* EduChat+UIStackView.swift */; };
		E27040C723C60E380063C53B /* FeedCommentsTable.swift in Sources */ = {isa = PBXBuildFile; fileRef = E27040C623C60E380063C53B /* FeedCommentsTable.swift */; };
		E27040C923C60E580063C53B /* FeedCommentsCell.swift in Sources */ = {isa = PBXBuildFile; fileRef = E27040C823C60E580063C53B /* FeedCommentsCell.swift */; };
		E2746E2A23A8DF52008CD3E2 /* FeedMainTable.swift in Sources */ = {isa = PBXBuildFile; fileRef = E2746E2923A8DF52008CD3E2 /* FeedMainTable.swift */; };
		E2746E3223A8E6C8008CD3E2 /* Feed.storyboard in Resources */ = {isa = PBXBuildFile; fileRef = E2746E3023A8E6C8008CD3E2 /* Feed.storyboard */; };
		E2772B5B2317DCEF00579233 /* MainScreensController.swift in Sources */ = {isa = PBXBuildFile; fileRef = E2772B5A2317DCEF00579233 /* MainScreensController.swift */; };
		E277CD4423D4CDDB003D2251 /* FeedQuizController.swift in Sources */ = {isa = PBXBuildFile; fileRef = E277CD4323D4CDDB003D2251 /* FeedQuizController.swift */; };
		E27E53FC230030B300A4F3FF /* AuthenticatingUser.swift in Sources */ = {isa = PBXBuildFile; fileRef = E27E53FB230030B300A4F3FF /* AuthenticatingUser.swift */; };
		E28EE1422302FAEB00161EB4 /* SignupNameDOB.swift in Sources */ = {isa = PBXBuildFile; fileRef = E28EE1412302FAEB00161EB4 /* SignupNameDOB.swift */; };
		E28EE1442303123F00161EB4 /* SignupPasswordSchool.swift in Sources */ = {isa = PBXBuildFile; fileRef = E28EE1432303123F00161EB4 /* SignupPasswordSchool.swift */; };
		E28EE1462303173800161EB4 /* SignupFinish.swift in Sources */ = {isa = PBXBuildFile; fileRef = E28EE1452303173800161EB4 /* SignupFinish.swift */; };
		E291555B23006DE300524EC1 /* Extensions.swift in Sources */ = {isa = PBXBuildFile; fileRef = E291555A23006DE300524EC1 /* Extensions.swift */; };
		E29300312326698A00F94F46 /* ChatListContent.swift in Sources */ = {isa = PBXBuildFile; fileRef = E29300302326698A00F94F46 /* ChatListContent.swift */; };
		E2930033232669BE00F94F46 /* ChatListCell.swift in Sources */ = {isa = PBXBuildFile; fileRef = E2930032232669BE00F94F46 /* ChatListCell.swift */; };
		E293003523266AA600F94F46 /* Chat.swift in Sources */ = {isa = PBXBuildFile; fileRef = E293003423266AA600F94F46 /* Chat.swift */; };
		E293003723266B9D00F94F46 /* ChatMember.swift in Sources */ = {isa = PBXBuildFile; fileRef = E293003623266B9D00F94F46 /* ChatMember.swift */; };
		E2B20AB1239AE531005BCF9C /* Chat_Friends.swift in Sources */ = {isa = PBXBuildFile; fileRef = E2B20AB0239AE531005BCF9C /* Chat_Friends.swift */; };
		E2B20AB4239AE5B2005BCF9C /* ChatFriendsCell.swift in Sources */ = {isa = PBXBuildFile; fileRef = E2B20AB3239AE5B2005BCF9C /* ChatFriendsCell.swift */; };
		E2B20AB6239BEF5D005BCF9C /* Friendship.swift in Sources */ = {isa = PBXBuildFile; fileRef = E2B20AB5239BEF5D005BCF9C /* Friendship.swift */; };
		E2B20AB8239BF0C9005BCF9C /* FriendshipMethods.swift in Sources */ = {isa = PBXBuildFile; fileRef = E2B20AB7239BF0C9005BCF9C /* FriendshipMethods.swift */; };
		E2BA8A7222FF0512003B9F93 /* UserMethods.swift in Sources */ = {isa = PBXBuildFile; fileRef = E2BA8A7122FF0512003B9F93 /* UserMethods.swift */; };
		E2BA8A7522FF0529003B9F93 /* User.swift in Sources */ = {isa = PBXBuildFile; fileRef = E2BA8A7422FF0529003B9F93 /* User.swift */; };
		E2CB18DA2301897D009517DD /* Login_Signup.storyboard in Resources */ = {isa = PBXBuildFile; fileRef = E2CB18D92301897D009517DD /* Login_Signup.storyboard */; };
		E2CB18DC23018FC0009517DD /* Login_Host.swift in Sources */ = {isa = PBXBuildFile; fileRef = E2CB18DB23018FC0009517DD /* Login_Host.swift */; };
		E2CB18F12301C00C009517DD /* LoginController.swift in Sources */ = {isa = PBXBuildFile; fileRef = E2CB18F02301C00C009517DD /* LoginController.swift */; };
		E2CB18F52301D042009517DD /* FirstPageHost.swift in Sources */ = {isa = PBXBuildFile; fileRef = E2CB18F42301D042009517DD /* FirstPageHost.swift */; };
		E2CB18F92302B811009517DD /* SignUp_Host.swift in Sources */ = {isa = PBXBuildFile; fileRef = E2CB18F82302B811009517DD /* SignUp_Host.swift */; };
		E2CB18FB2302EDE9009517DD /* SignupEmailUsername.swift in Sources */ = {isa = PBXBuildFile; fileRef = E2CB18FA2302EDE9009517DD /* SignupEmailUsername.swift */; };
		E2D0E17D230EC6F30087F551 /* MainHost.swift in Sources */ = {isa = PBXBuildFile; fileRef = E2D0E17C230EC6F30087F551 /* MainHost.swift */; };
		E2DDC41223128813002844F3 /* EduChat.swift in Sources */ = {isa = PBXBuildFile; fileRef = E2DDC41123128813002844F3 /* EduChat.swift */; };
		E2DDC4142312E968002844F3 /* zeroPage.swift in Sources */ = {isa = PBXBuildFile; fileRef = E2DDC4132312E968002844F3 /* zeroPage.swift */; };
		E2EE3D9123CB4DDF00B2B543 /* PinterestSegment.swift in Sources */ = {isa = PBXBuildFile; fileRef = E2EE3D9023CB4DDF00B2B543 /* PinterestSegment.swift */; };
		E2F2E6B2230607D900376FB8 /* Profile_Content.swift in Sources */ = {isa = PBXBuildFile; fileRef = E2F2E6B1230607D900376FB8 /* Profile_Content.swift */; };
		E2FDDDE823D72AF900CC5D02 /* FeedQuizResultCell.swift in Sources */ = {isa = PBXBuildFile; fileRef = E2FDDDE723D72AF900CC5D02 /* FeedQuizResultCell.swift */; };
/* End PBXBuildFile section */

/* Begin PBXFileReference section */
		4AD0358259FD8994DDADA730 /* Pods-EduChat.release.xcconfig */ = {isa = PBXFileReference; includeInIndex = 1; lastKnownFileType = text.xcconfig; name = "Pods-EduChat.release.xcconfig"; path = "Pods/Target Support Files/Pods-EduChat/Pods-EduChat.release.xcconfig"; sourceTree = "<group>"; };
		4D73E6D507E9043B23405E7E /* Pods-EduChat.debug.xcconfig */ = {isa = PBXFileReference; includeInIndex = 1; lastKnownFileType = text.xcconfig; name = "Pods-EduChat.debug.xcconfig"; path = "Pods/Target Support Files/Pods-EduChat/Pods-EduChat.debug.xcconfig"; sourceTree = "<group>"; };
		DC0AD9554694451EBFBE752E /* Pods_EduChat.framework */ = {isa = PBXFileReference; explicitFileType = wrapper.framework; includeInIndex = 0; path = Pods_EduChat.framework; sourceTree = BUILT_PRODUCTS_DIR; };
		E2030E9322FEFBE600932345 /* EduChat.app */ = {isa = PBXFileReference; explicitFileType = wrapper.application; includeInIndex = 0; path = EduChat.app; sourceTree = BUILT_PRODUCTS_DIR; };
		E2030E9622FEFBE600932345 /* AppDelegate.swift */ = {isa = PBXFileReference; lastKnownFileType = sourcecode.swift; path = AppDelegate.swift; sourceTree = "<group>"; };
		E2030E9822FEFBE600932345 /* ViewController.swift */ = {isa = PBXFileReference; lastKnownFileType = sourcecode.swift; path = ViewController.swift; sourceTree = "<group>"; };
		E2030E9B22FEFBE600932345 /* Base */ = {isa = PBXFileReference; lastKnownFileType = file.storyboard; name = Base; path = Base.lproj/Main.storyboard; sourceTree = "<group>"; };
		E2030E9D22FEFBEA00932345 /* Assets.xcassets */ = {isa = PBXFileReference; lastKnownFileType = folder.assetcatalog; path = Assets.xcassets; sourceTree = "<group>"; };
		E2030EA022FEFBEA00932345 /* Base */ = {isa = PBXFileReference; lastKnownFileType = file.storyboard; name = Base; path = Base.lproj/LaunchScreen.storyboard; sourceTree = "<group>"; };
		E2030EA222FEFBEA00932345 /* Info.plist */ = {isa = PBXFileReference; lastKnownFileType = text.plist.xml; path = Info.plist; sourceTree = "<group>"; };
		E2190561231FA06400612407 /* Profile_Subject_Manager.swift */ = {isa = PBXFileReference; lastKnownFileType = sourcecode.swift; path = Profile_Subject_Manager.swift; sourceTree = "<group>"; };
		E227CC6623A91E7100D0BDDA /* FeedPostContentCell.swift */ = {isa = PBXFileReference; lastKnownFileType = sourcecode.swift; path = FeedPostContentCell.swift; sourceTree = "<group>"; };
		E22E869423CF440800447E38 /* EduChat+UIButton.swift */ = {isa = PBXFileReference; lastKnownFileType = sourcecode.swift; path = "EduChat+UIButton.swift"; sourceTree = "<group>"; };
		E22EBE1323D7386D006B0893 /* FeedQuizCreateModels.swift */ = {isa = PBXFileReference; lastKnownFileType = sourcecode.swift; path = FeedQuizCreateModels.swift; sourceTree = "<group>"; };
		E22EBE1523D7452B006B0893 /* FeedCreateQuizController.swift */ = {isa = PBXFileReference; lastKnownFileType = sourcecode.swift; path = FeedCreateQuizController.swift; sourceTree = "<group>"; };
		E23ACAF92326885900A97BCC /* ChatMethods.swift */ = {isa = PBXFileReference; lastKnownFileType = sourcecode.swift; path = ChatMethods.swift; sourceTree = "<group>"; };
		E23DF35B2304C5A300864B09 /* ActivityView.swift */ = {isa = PBXFileReference; lastKnownFileType = sourcecode.swift; path = ActivityView.swift; sourceTree = "<group>"; };
		E249D59F231EBFE000E90DB3 /* Montserrat-Regular.ttf */ = {isa = PBXFileReference; lastKnownFileType = file; path = "Montserrat-Regular.ttf"; sourceTree = "<group>"; };
		E249D5A0231EBFE000E90DB3 /* Montserrat-SemiBoldItalic.ttf */ = {isa = PBXFileReference; lastKnownFileType = file; path = "Montserrat-SemiBoldItalic.ttf"; sourceTree = "<group>"; };
		E249D5A1231EBFE000E90DB3 /* Montserrat-ExtraBold.ttf */ = {isa = PBXFileReference; lastKnownFileType = file; path = "Montserrat-ExtraBold.ttf"; sourceTree = "<group>"; };
		E249D5A2231EBFE000E90DB3 /* Montserrat-Italic.ttf */ = {isa = PBXFileReference; lastKnownFileType = file; path = "Montserrat-Italic.ttf"; sourceTree = "<group>"; };
		E249D5A3231EBFE000E90DB3 /* Montserrat-Light.ttf */ = {isa = PBXFileReference; lastKnownFileType = file; path = "Montserrat-Light.ttf"; sourceTree = "<group>"; };
		E249D5A4231EBFE100E90DB3 /* Montserrat-LightItalic.ttf */ = {isa = PBXFileReference; lastKnownFileType = file; path = "Montserrat-LightItalic.ttf"; sourceTree = "<group>"; };
		E249D5A5231EBFE100E90DB3 /* Montserrat-Medium.ttf */ = {isa = PBXFileReference; lastKnownFileType = file; path = "Montserrat-Medium.ttf"; sourceTree = "<group>"; };
		E249D5A6231EBFE100E90DB3 /* Montserrat-Bold.ttf */ = {isa = PBXFileReference; lastKnownFileType = file; path = "Montserrat-Bold.ttf"; sourceTree = "<group>"; };
		E249D5B0231EC7CC00E90DB3 /* profileSubjectCell.swift */ = {isa = PBXFileReference; lastKnownFileType = sourcecode.swift; path = profileSubjectCell.swift; sourceTree = "<group>"; };
		E249D5B2231EE91E00E90DB3 /* Profile_Host.swift */ = {isa = PBXFileReference; lastKnownFileType = sourcecode.swift; path = Profile_Host.swift; sourceTree = "<group>"; };
		E24C0D9A23D8783600A2C157 /* EduChat+UITextField.swift */ = {isa = PBXFileReference; lastKnownFileType = sourcecode.swift; path = "EduChat+UITextField.swift"; sourceTree = "<group>"; };
		E24F0CD52322D3300007B247 /* Chat_Signal.swift */ = {isa = PBXFileReference; lastKnownFileType = sourcecode.swift; path = Chat_Signal.swift; sourceTree = "<group>"; };
		E2552954232C38E9009714D9 /* ChatMessage.swift */ = {isa = PBXFileReference; lastKnownFileType = sourcecode.swift; path = ChatMessage.swift; sourceTree = "<group>"; };
		E256D29823CC6DF800A7F43A /* EduChat+UITextView.swift */ = {isa = PBXFileReference; lastKnownFileType = sourcecode.swift; path = "EduChat+UITextView.swift"; sourceTree = "<group>"; };
		E25AC71A23CC6892002E3DB1 /* FeedCreateController.swift */ = {isa = PBXFileReference; lastKnownFileType = sourcecode.swift; path = FeedCreateController.swift; sourceTree = "<group>"; };
		E25B717823116BF900393E22 /* SubjectPickerSignup.swift */ = {isa = PBXFileReference; lastKnownFileType = sourcecode.swift; path = SubjectPickerSignup.swift; sourceTree = "<group>"; };
		E25B717A23116E6F00393E22 /* Subject.swift */ = {isa = PBXFileReference; lastKnownFileType = sourcecode.swift; path = Subject.swift; sourceTree = "<group>"; };
		E25B717C23116E6F00393E22 /* SubjectMethods.swift */ = {isa = PBXFileReference; lastKnownFileType = sourcecode.swift; path = SubjectMethods.swift; sourceTree = "<group>"; };
		E25D565B23A11974005A8750 /* Chat_Create.swift */ = {isa = PBXFileReference; lastKnownFileType = sourcecode.swift; path = Chat_Create.swift; sourceTree = "<group>"; };
		E25D565D23A11B08005A8750 /* ChatCreateUserCell.swift */ = {isa = PBXFileReference; lastKnownFileType = sourcecode.swift; path = ChatCreateUserCell.swift; sourceTree = "<group>"; };
		E25DE505233118B0007829E1 /* Chat_View.swift */ = {isa = PBXFileReference; lastKnownFileType = sourcecode.swift; path = Chat_View.swift; sourceTree = "<group>"; };
		E25DF8CE238D6F390058A8A1 /* MediaItems.swift */ = {isa = PBXFileReference; lastKnownFileType = sourcecode.swift; path = MediaItems.swift; sourceTree = "<group>"; };
		E25E613723BBA69400943EC6 /* FeedPost.swift */ = {isa = PBXFileReference; lastKnownFileType = sourcecode.swift; path = FeedPost.swift; sourceTree = "<group>"; };
		E25E613923BBAB8000943EC6 /* FeedMethods.swift */ = {isa = PBXFileReference; lastKnownFileType = sourcecode.swift; name = FeedMethods.swift; path = Objects/FeedMethods.swift; sourceTree = "<group>"; };
		E264DCA923D7B6A500C00604 /* FeedCreateQuizQuestionController.swift */ = {isa = PBXFileReference; lastKnownFileType = sourcecode.swift; path = FeedCreateQuizQuestionController.swift; sourceTree = "<group>"; };
		E2656D30231FA2FB00D791F7 /* Profile_Subject_Cell.swift */ = {isa = PBXFileReference; lastKnownFileType = sourcecode.swift; path = Profile_Subject_Cell.swift; sourceTree = "<group>"; };
		E2656D34231FCEFD00D791F7 /* Settings_Controller.swift */ = {isa = PBXFileReference; lastKnownFileType = sourcecode.swift; path = Settings_Controller.swift; sourceTree = "<group>"; };
		E2656D38231FD33E00D791F7 /* Settings_Host.swift */ = {isa = PBXFileReference; lastKnownFileType = sourcecode.swift; path = Settings_Host.swift; sourceTree = "<group>"; };
		E2656D3A232027C400D791F7 /* Settings_Profile_Pic.swift */ = {isa = PBXFileReference; lastKnownFileType = sourcecode.swift; path = Settings_Profile_Pic.swift; sourceTree = "<group>"; };
		E267BB3323CF936200462007 /* EduChat+UIStackView.swift */ = {isa = PBXFileReference; lastKnownFileType = sourcecode.swift; path = "EduChat+UIStackView.swift"; sourceTree = "<group>"; };
		E27040C623C60E380063C53B /* FeedCommentsTable.swift */ = {isa = PBXFileReference; lastKnownFileType = sourcecode.swift; path = FeedCommentsTable.swift; sourceTree = "<group>"; };
		E27040C823C60E580063C53B /* FeedCommentsCell.swift */ = {isa = PBXFileReference; lastKnownFileType = sourcecode.swift; path = FeedCommentsCell.swift; sourceTree = "<group>"; };
		E2746E2923A8DF52008CD3E2 /* FeedMainTable.swift */ = {isa = PBXFileReference; lastKnownFileType = sourcecode.swift; path = FeedMainTable.swift; sourceTree = "<group>"; };
		E2746E3123A8E6C8008CD3E2 /* Base */ = {isa = PBXFileReference; lastKnownFileType = file.storyboard; name = Base; path = Base.lproj/Feed.storyboard; sourceTree = "<group>"; };
		E2772B5A2317DCEF00579233 /* MainScreensController.swift */ = {isa = PBXFileReference; lastKnownFileType = sourcecode.swift; path = MainScreensController.swift; sourceTree = "<group>"; };
		E277CD4323D4CDDB003D2251 /* FeedQuizController.swift */ = {isa = PBXFileReference; lastKnownFileType = sourcecode.swift; path = FeedQuizController.swift; sourceTree = "<group>"; };
		E27E53FB230030B300A4F3FF /* AuthenticatingUser.swift */ = {isa = PBXFileReference; lastKnownFileType = sourcecode.swift; path = AuthenticatingUser.swift; sourceTree = "<group>"; };
		E28EE1412302FAEB00161EB4 /* SignupNameDOB.swift */ = {isa = PBXFileReference; lastKnownFileType = sourcecode.swift; path = SignupNameDOB.swift; sourceTree = "<group>"; };
		E28EE1432303123F00161EB4 /* SignupPasswordSchool.swift */ = {isa = PBXFileReference; lastKnownFileType = sourcecode.swift; path = SignupPasswordSchool.swift; sourceTree = "<group>"; };
		E28EE1452303173800161EB4 /* SignupFinish.swift */ = {isa = PBXFileReference; lastKnownFileType = sourcecode.swift; path = SignupFinish.swift; sourceTree = "<group>"; };
		E291555A23006DE300524EC1 /* Extensions.swift */ = {isa = PBXFileReference; lastKnownFileType = sourcecode.swift; path = Extensions.swift; sourceTree = "<group>"; };
		E29300302326698A00F94F46 /* ChatListContent.swift */ = {isa = PBXFileReference; lastKnownFileType = sourcecode.swift; path = ChatListContent.swift; sourceTree = "<group>"; };
		E2930032232669BE00F94F46 /* ChatListCell.swift */ = {isa = PBXFileReference; lastKnownFileType = sourcecode.swift; path = ChatListCell.swift; sourceTree = "<group>"; };
		E293003423266AA600F94F46 /* Chat.swift */ = {isa = PBXFileReference; lastKnownFileType = sourcecode.swift; path = Chat.swift; sourceTree = "<group>"; };
		E293003623266B9D00F94F46 /* ChatMember.swift */ = {isa = PBXFileReference; lastKnownFileType = sourcecode.swift; path = ChatMember.swift; sourceTree = "<group>"; };
		E2B20AB0239AE531005BCF9C /* Chat_Friends.swift */ = {isa = PBXFileReference; lastKnownFileType = sourcecode.swift; path = Chat_Friends.swift; sourceTree = "<group>"; };
		E2B20AB3239AE5B2005BCF9C /* ChatFriendsCell.swift */ = {isa = PBXFileReference; lastKnownFileType = sourcecode.swift; path = ChatFriendsCell.swift; sourceTree = "<group>"; };
		E2B20AB5239BEF5D005BCF9C /* Friendship.swift */ = {isa = PBXFileReference; lastKnownFileType = sourcecode.swift; path = Friendship.swift; sourceTree = "<group>"; };
		E2B20AB7239BF0C9005BCF9C /* FriendshipMethods.swift */ = {isa = PBXFileReference; lastKnownFileType = sourcecode.swift; path = FriendshipMethods.swift; sourceTree = "<group>"; };
		E2BA8A7122FF0512003B9F93 /* UserMethods.swift */ = {isa = PBXFileReference; lastKnownFileType = sourcecode.swift; path = UserMethods.swift; sourceTree = "<group>"; };
		E2BA8A7422FF0529003B9F93 /* User.swift */ = {isa = PBXFileReference; lastKnownFileType = sourcecode.swift; path = User.swift; sourceTree = "<group>"; };
		E2CB18D92301897D009517DD /* Login_Signup.storyboard */ = {isa = PBXFileReference; lastKnownFileType = file.storyboard; path = Login_Signup.storyboard; sourceTree = "<group>"; };
		E2CB18DB23018FC0009517DD /* Login_Host.swift */ = {isa = PBXFileReference; lastKnownFileType = sourcecode.swift; path = Login_Host.swift; sourceTree = "<group>"; };
		E2CB18F02301C00C009517DD /* LoginController.swift */ = {isa = PBXFileReference; lastKnownFileType = sourcecode.swift; path = LoginController.swift; sourceTree = "<group>"; };
		E2CB18F42301D042009517DD /* FirstPageHost.swift */ = {isa = PBXFileReference; lastKnownFileType = sourcecode.swift; path = FirstPageHost.swift; sourceTree = "<group>"; };
		E2CB18F82302B811009517DD /* SignUp_Host.swift */ = {isa = PBXFileReference; lastKnownFileType = sourcecode.swift; path = SignUp_Host.swift; sourceTree = "<group>"; };
		E2CB18FA2302EDE9009517DD /* SignupEmailUsername.swift */ = {isa = PBXFileReference; lastKnownFileType = sourcecode.swift; path = SignupEmailUsername.swift; sourceTree = "<group>"; };
		E2D0E17C230EC6F30087F551 /* MainHost.swift */ = {isa = PBXFileReference; lastKnownFileType = sourcecode.swift; path = MainHost.swift; sourceTree = "<group>"; };
		E2DDC41123128813002844F3 /* EduChat.swift */ = {isa = PBXFileReference; lastKnownFileType = sourcecode.swift; path = EduChat.swift; sourceTree = "<group>"; };
		E2DDC4132312E968002844F3 /* zeroPage.swift */ = {isa = PBXFileReference; lastKnownFileType = sourcecode.swift; path = zeroPage.swift; sourceTree = "<group>"; };
		E2EE3D9023CB4DDF00B2B543 /* PinterestSegment.swift */ = {isa = PBXFileReference; fileEncoding = 4; lastKnownFileType = sourcecode.swift; path = PinterestSegment.swift; sourceTree = "<group>"; };
		E2F2E6B1230607D900376FB8 /* Profile_Content.swift */ = {isa = PBXFileReference; lastKnownFileType = sourcecode.swift; path = Profile_Content.swift; sourceTree = "<group>"; };
		E2FDDDE723D72AF900CC5D02 /* FeedQuizResultCell.swift */ = {isa = PBXFileReference; lastKnownFileType = sourcecode.swift; path = FeedQuizResultCell.swift; sourceTree = "<group>"; };
/* End PBXFileReference section */

/* Begin PBXFrameworksBuildPhase section */
		E2030E9022FEFBE600932345 /* Frameworks */ = {
			isa = PBXFrameworksBuildPhase;
			buildActionMask = 2147483647;
			files = (
				3D83D19514CF14694B8E56B2 /* Pods_EduChat.framework in Frameworks */,
			);
			runOnlyForDeploymentPostprocessing = 0;
		};
/* End PBXFrameworksBuildPhase section */

/* Begin PBXGroup section */
		4ACD7C7D16E13C6D61784FA7 /* Pods */ = {
			isa = PBXGroup;
			children = (
				4D73E6D507E9043B23405E7E /* Pods-EduChat.debug.xcconfig */,
				4AD0358259FD8994DDADA730 /* Pods-EduChat.release.xcconfig */,
			);
			name = Pods;
			sourceTree = "<group>";
		};
		E2030E8A22FEFBE600932345 = {
			isa = PBXGroup;
			children = (
				E2030E9522FEFBE600932345 /* EduChat */,
				E2030E9422FEFBE600932345 /* Products */,
				4ACD7C7D16E13C6D61784FA7 /* Pods */,
				F381C0EC7F4A5A8571B825E0 /* Frameworks */,
			);
			sourceTree = "<group>";
		};
		E2030E9422FEFBE600932345 /* Products */ = {
			isa = PBXGroup;
			children = (
				E2030E9322FEFBE600932345 /* EduChat.app */,
			);
			name = Products;
			sourceTree = "<group>";
		};
		E2030E9522FEFBE600932345 /* EduChat */ = {
			isa = PBXGroup;
			children = (
				E2746E2823A8DF31008CD3E2 /* Module_Feed */,
				E24F0CD42322D3180007B247 /* Module_Chat */,
				E28FD6C12304CFD300141153 /* Module_Profile */,
				E2CB18D823018956009517DD /* Module_Login_Signup */,
				E291555923006DD600524EC1 /* Misc */,
				E2BA8A7022FF04FD003B9F93 /* API */,
				E2030E9622FEFBE600932345 /* AppDelegate.swift */,
				E2030E9822FEFBE600932345 /* ViewController.swift */,
				E2030E9A22FEFBE600932345 /* Main.storyboard */,
				E2746E3023A8E6C8008CD3E2 /* Feed.storyboard */,
				E2030E9D22FEFBEA00932345 /* Assets.xcassets */,
				E2030E9F22FEFBEA00932345 /* LaunchScreen.storyboard */,
				E2030EA222FEFBEA00932345 /* Info.plist */,
			);
			path = EduChat;
			sourceTree = "<group>";
		};
		E206D34323D0A29800A3F4A7 /* Create */ = {
			isa = PBXGroup;
			children = (
				E25AC71A23CC6892002E3DB1 /* FeedCreateController.swift */,
				E22EBE1323D7386D006B0893 /* FeedQuizCreateModels.swift */,
				E22EBE1523D7452B006B0893 /* FeedCreateQuizController.swift */,
				E264DCA923D7B6A500C00604 /* FeedCreateQuizQuestionController.swift */,
			);
			path = Create;
			sourceTree = "<group>";
		};
		E227CC6523A91E4C00D0BDDA /* Views */ = {
			isa = PBXGroup;
			children = (
				E206D34323D0A29800A3F4A7 /* Create */,
				E227CC6623A91E7100D0BDDA /* FeedPostContentCell.swift */,
				E27040C823C60E580063C53B /* FeedCommentsCell.swift */,
				E2FDDDE723D72AF900CC5D02 /* FeedQuizResultCell.swift */,
			);
			path = Views;
			sourceTree = "<group>";
		};
		E249D5AF231EC7B200E90DB3 /* Models */ = {
			isa = PBXGroup;
			children = (
				E249D5B0231EC7CC00E90DB3 /* profileSubjectCell.swift */,
				E25DF8CE238D6F390058A8A1 /* MediaItems.swift */,
			);
			path = Models;
			sourceTree = "<group>";
		};
		E24F0CD42322D3180007B247 /* Module_Chat */ = {
			isa = PBXGroup;
			children = (
				E2B20AB2239AE596005BCF9C /* Views */,
				E24F0CD52322D3300007B247 /* Chat_Signal.swift */,
				E29300302326698A00F94F46 /* ChatListContent.swift */,
				E25DE505233118B0007829E1 /* Chat_View.swift */,
				E2B20AB0239AE531005BCF9C /* Chat_Friends.swift */,
				E25D565B23A11974005A8750 /* Chat_Create.swift */,
			);
			path = Module_Chat;
			sourceTree = "<group>";
		};
		E256D29723CC6DE400A7F43A /* Extensions */ = {
			isa = PBXGroup;
			children = (
				E256D29823CC6DF800A7F43A /* EduChat+UITextView.swift */,
				E22E869423CF440800447E38 /* EduChat+UIButton.swift */,
				E267BB3323CF936200462007 /* EduChat+UIStackView.swift */,
				E24C0D9A23D8783600A2C157 /* EduChat+UITextField.swift */,
			);
			path = Extensions;
			sourceTree = "<group>";
		};
		E2656D32231FCEE100D791F7 /* Subjects */ = {
			isa = PBXGroup;
			children = (
				E2190561231FA06400612407 /* Profile_Subject_Manager.swift */,
				E2656D30231FA2FB00D791F7 /* Profile_Subject_Cell.swift */,
			);
			path = Subjects;
			sourceTree = "<group>";
		};
		E2656D33231FCEEB00D791F7 /* Settings */ = {
			isa = PBXGroup;
			children = (
				E2656D34231FCEFD00D791F7 /* Settings_Controller.swift */,
				E2656D38231FD33E00D791F7 /* Settings_Host.swift */,
				E2656D3A232027C400D791F7 /* Settings_Profile_Pic.swift */,
			);
			path = Settings;
			sourceTree = "<group>";
		};
		E2746E2823A8DF31008CD3E2 /* Module_Feed */ = {
			isa = PBXGroup;
			children = (
				E227CC6523A91E4C00D0BDDA /* Views */,
				E2746E2923A8DF52008CD3E2 /* FeedMainTable.swift */,
				E27040C623C60E380063C53B /* FeedCommentsTable.swift */,
				E277CD4323D4CDDB003D2251 /* FeedQuizController.swift */,
			);
			path = Module_Feed;
			sourceTree = "<group>";
		};
		E28EE1402302FAC800161EB4 /* SignupContent */ = {
			isa = PBXGroup;
			children = (
				E2CB18FA2302EDE9009517DD /* SignupEmailUsername.swift */,
				E28EE1412302FAEB00161EB4 /* SignupNameDOB.swift */,
				E28EE1432303123F00161EB4 /* SignupPasswordSchool.swift */,
				E28EE1452303173800161EB4 /* SignupFinish.swift */,
			);
			path = SignupContent;
			sourceTree = "<group>";
		};
		E28FD6C12304CFD300141153 /* Module_Profile */ = {
			isa = PBXGroup;
			children = (
				E2656D33231FCEEB00D791F7 /* Settings */,
				E2656D32231FCEE100D791F7 /* Subjects */,
				E2F2E6B1230607D900376FB8 /* Profile_Content.swift */,
				E249D5B2231EE91E00E90DB3 /* Profile_Host.swift */,
			);
			path = Module_Profile;
			sourceTree = "<group>";
		};
		E291555923006DD600524EC1 /* Misc */ = {
			isa = PBXGroup;
			children = (
				E256D29723CC6DE400A7F43A /* Extensions */,
				E2EE3D9023CB4DDF00B2B543 /* PinterestSegment.swift */,
				E249D5AF231EC7B200E90DB3 /* Models */,
				E2CB18DD2301BB75009517DD /* Fonts */,
				E291555A23006DE300524EC1 /* Extensions.swift */,
				E23DF35B2304C5A300864B09 /* ActivityView.swift */,
				E2DDC41123128813002844F3 /* EduChat.swift */,
				E2DDC4132312E968002844F3 /* zeroPage.swift */,
				E2772B5A2317DCEF00579233 /* MainScreensController.swift */,
				E2D0E17C230EC6F30087F551 /* MainHost.swift */,
			);
			path = Misc;
			sourceTree = "<group>";
		};
		E2B20AB2239AE596005BCF9C /* Views */ = {
			isa = PBXGroup;
			children = (
				E2930032232669BE00F94F46 /* ChatListCell.swift */,
				E2B20AB3239AE5B2005BCF9C /* ChatFriendsCell.swift */,
				E25D565D23A11B08005A8750 /* ChatCreateUserCell.swift */,
			);
			path = Views;
			sourceTree = "<group>";
		};
		E2BA8A7022FF04FD003B9F93 /* API */ = {
			isa = PBXGroup;
			children = (
				E2BA8A7322FF0520003B9F93 /* Objects */,
				E2BA8A7122FF0512003B9F93 /* UserMethods.swift */,
				E25B717C23116E6F00393E22 /* SubjectMethods.swift */,
				E23ACAF92326885900A97BCC /* ChatMethods.swift */,
				E2B20AB7239BF0C9005BCF9C /* FriendshipMethods.swift */,
				E25E613923BBAB8000943EC6 /* FeedMethods.swift */,
			);
			path = API;
			sourceTree = "<group>";
		};
		E2BA8A7322FF0520003B9F93 /* Objects */ = {
			isa = PBXGroup;
			children = (
				E2BA8A7422FF0529003B9F93 /* User.swift */,
				E27E53FB230030B300A4F3FF /* AuthenticatingUser.swift */,
				E25B717A23116E6F00393E22 /* Subject.swift */,
				E293003423266AA600F94F46 /* Chat.swift */,
				E293003623266B9D00F94F46 /* ChatMember.swift */,
				E2552954232C38E9009714D9 /* ChatMessage.swift */,
				E2B20AB5239BEF5D005BCF9C /* Friendship.swift */,
				E25E613723BBA69400943EC6 /* FeedPost.swift */,
			);
			path = Objects;
			sourceTree = "<group>";
		};
		E2CB18D823018956009517DD /* Module_Login_Signup */ = {
			isa = PBXGroup;
			children = (
				E28EE1402302FAC800161EB4 /* SignupContent */,
				E2CB18D92301897D009517DD /* Login_Signup.storyboard */,
				E2CB18F02301C00C009517DD /* LoginController.swift */,
				E2CB18DB23018FC0009517DD /* Login_Host.swift */,
				E2CB18F42301D042009517DD /* FirstPageHost.swift */,
				E2CB18F82302B811009517DD /* SignUp_Host.swift */,
				E25B717823116BF900393E22 /* SubjectPickerSignup.swift */,
			);
			path = Module_Login_Signup;
			sourceTree = "<group>";
		};
		E2CB18DD2301BB75009517DD /* Fonts */ = {
			isa = PBXGroup;
			children = (
				E249D5A6231EBFE100E90DB3 /* Montserrat-Bold.ttf */,
				E249D5A1231EBFE000E90DB3 /* Montserrat-ExtraBold.ttf */,
				E249D5A2231EBFE000E90DB3 /* Montserrat-Italic.ttf */,
				E249D5A3231EBFE000E90DB3 /* Montserrat-Light.ttf */,
				E249D5A4231EBFE100E90DB3 /* Montserrat-LightItalic.ttf */,
				E249D5A5231EBFE100E90DB3 /* Montserrat-Medium.ttf */,
				E249D59F231EBFE000E90DB3 /* Montserrat-Regular.ttf */,
				E249D5A0231EBFE000E90DB3 /* Montserrat-SemiBoldItalic.ttf */,
			);
			path = Fonts;
			sourceTree = "<group>";
		};
		F381C0EC7F4A5A8571B825E0 /* Frameworks */ = {
			isa = PBXGroup;
			children = (
				DC0AD9554694451EBFBE752E /* Pods_EduChat.framework */,
			);
			name = Frameworks;
			sourceTree = "<group>";
		};
/* End PBXGroup section */

/* Begin PBXNativeTarget section */
		E2030E9222FEFBE600932345 /* EduChat */ = {
			isa = PBXNativeTarget;
			buildConfigurationList = E2030EA522FEFBEA00932345 /* Build configuration list for PBXNativeTarget "EduChat" */;
			buildPhases = (
				06FBA04F87C2C302E657C708 /* [CP] Check Pods Manifest.lock */,
				E2030E8F22FEFBE600932345 /* Sources */,
				E2030E9022FEFBE600932345 /* Frameworks */,
				E2030E9122FEFBE600932345 /* Resources */,
				660007B8AB48BA6997C35054 /* [CP] Embed Pods Frameworks */,
			);
			buildRules = (
			);
			dependencies = (
			);
			name = EduChat;
			productName = EduChat;
			productReference = E2030E9322FEFBE600932345 /* EduChat.app */;
			productType = "com.apple.product-type.application";
		};
/* End PBXNativeTarget section */

/* Begin PBXProject section */
		E2030E8B22FEFBE600932345 /* Project object */ = {
			isa = PBXProject;
			attributes = {
				LastSwiftUpdateCheck = 0930;
				LastUpgradeCheck = 0930;
				ORGANIZATIONNAME = "Tom Knighton";
				TargetAttributes = {
					E2030E9222FEFBE600932345 = {
						CreatedOnToolsVersion = 9.3;
						SystemCapabilities = {
							com.apple.BackgroundModes = {
								enabled = 1;
							};
						};
					};
				};
			};
			buildConfigurationList = E2030E8E22FEFBE600932345 /* Build configuration list for PBXProject "EduChat" */;
			compatibilityVersion = "Xcode 9.3";
			developmentRegion = en;
			hasScannedForEncodings = 0;
			knownRegions = (
				en,
				Base,
			);
			mainGroup = E2030E8A22FEFBE600932345;
			productRefGroup = E2030E9422FEFBE600932345 /* Products */;
			projectDirPath = "";
			projectRoot = "";
			targets = (
				E2030E9222FEFBE600932345 /* EduChat */,
			);
		};
/* End PBXProject section */

/* Begin PBXResourcesBuildPhase section */
		E2030E9122FEFBE600932345 /* Resources */ = {
			isa = PBXResourcesBuildPhase;
			buildActionMask = 2147483647;
			files = (
				E249D5A8231EBFE100E90DB3 /* Montserrat-SemiBoldItalic.ttf in Resources */,
				E2746E3223A8E6C8008CD3E2 /* Feed.storyboard in Resources */,
				E2CB18DA2301897D009517DD /* Login_Signup.storyboard in Resources */,
				E2030EA122FEFBEA00932345 /* LaunchScreen.storyboard in Resources */,
				E249D5AB231EBFE100E90DB3 /* Montserrat-Light.ttf in Resources */,
				E249D5AA231EBFE100E90DB3 /* Montserrat-Italic.ttf in Resources */,
				E2030E9E22FEFBEA00932345 /* Assets.xcassets in Resources */,
				E249D5A7231EBFE100E90DB3 /* Montserrat-Regular.ttf in Resources */,
				E249D5A9231EBFE100E90DB3 /* Montserrat-ExtraBold.ttf in Resources */,
				E249D5AE231EBFE100E90DB3 /* Montserrat-Bold.ttf in Resources */,
				E249D5AC231EBFE100E90DB3 /* Montserrat-LightItalic.ttf in Resources */,
				E249D5AD231EBFE100E90DB3 /* Montserrat-Medium.ttf in Resources */,
				E2030E9C22FEFBE600932345 /* Main.storyboard in Resources */,
			);
			runOnlyForDeploymentPostprocessing = 0;
		};
/* End PBXResourcesBuildPhase section */

/* Begin PBXShellScriptBuildPhase section */
		06FBA04F87C2C302E657C708 /* [CP] Check Pods Manifest.lock */ = {
			isa = PBXShellScriptBuildPhase;
			buildActionMask = 2147483647;
			files = (
			);
			inputPaths = (
				"${PODS_PODFILE_DIR_PATH}/Podfile.lock",
				"${PODS_ROOT}/Manifest.lock",
			);
			name = "[CP] Check Pods Manifest.lock";
			outputPaths = (
				"$(DERIVED_FILE_DIR)/Pods-EduChat-checkManifestLockResult.txt",
			);
			runOnlyForDeploymentPostprocessing = 0;
			shellPath = /bin/sh;
			shellScript = "diff \"${PODS_PODFILE_DIR_PATH}/Podfile.lock\" \"${PODS_ROOT}/Manifest.lock\" > /dev/null\nif [ $? != 0 ] ; then\n    # print error to STDERR\n    echo \"error: The sandbox is not in sync with the Podfile.lock. Run 'pod install' or update your CocoaPods installation.\" >&2\n    exit 1\nfi\n# This output is used by Xcode 'outputs' to avoid re-running this script phase.\necho \"SUCCESS\" > \"${SCRIPT_OUTPUT_FILE_0}\"\n";
			showEnvVarsInLog = 0;
		};
		660007B8AB48BA6997C35054 /* [CP] Embed Pods Frameworks */ = {
			isa = PBXShellScriptBuildPhase;
			buildActionMask = 2147483647;
			files = (
			);
			inputFileListPaths = (
				"${PODS_ROOT}/Target Support Files/Pods-EduChat/Pods-EduChat-frameworks-${CONFIGURATION}-input-files.xcfilelist",
			);
			name = "[CP] Embed Pods Frameworks";
			outputFileListPaths = (
				"${PODS_ROOT}/Target Support Files/Pods-EduChat/Pods-EduChat-frameworks-${CONFIGURATION}-output-files.xcfilelist",
			);
			runOnlyForDeploymentPostprocessing = 0;
			shellPath = /bin/sh;
			shellScript = "\"${PODS_ROOT}/Target Support Files/Pods-EduChat/Pods-EduChat-frameworks.sh\"\n";
			showEnvVarsInLog = 0;
		};
/* End PBXShellScriptBuildPhase section */

/* Begin PBXSourcesBuildPhase section */
		E2030E8F22FEFBE600932345 /* Sources */ = {
			isa = PBXSourcesBuildPhase;
			buildActionMask = 2147483647;
			files = (
				E2930033232669BE00F94F46 /* ChatListCell.swift in Sources */,
				E2B20AB1239AE531005BCF9C /* Chat_Friends.swift in Sources */,
				E293003723266B9D00F94F46 /* ChatMember.swift in Sources */,
				E25E613823BBA69400943EC6 /* FeedPost.swift in Sources */,
				E2BA8A7522FF0529003B9F93 /* User.swift in Sources */,
				E2656D31231FA2FB00D791F7 /* Profile_Subject_Cell.swift in Sources */,
				E22E869523CF440800447E38 /* EduChat+UIButton.swift in Sources */,
				E2B20AB4239AE5B2005BCF9C /* ChatFriendsCell.swift in Sources */,
				E23ACAFA2326885900A97BCC /* ChatMethods.swift in Sources */,
				E2CB18F92302B811009517DD /* SignUp_Host.swift in Sources */,
				E25D565E23A11B08005A8750 /* ChatCreateUserCell.swift in Sources */,
				E2EE3D9123CB4DDF00B2B543 /* PinterestSegment.swift in Sources */,
				E24C0D9B23D8783600A2C157 /* EduChat+UITextField.swift in Sources */,
				E25E613A23BBAB8000943EC6 /* FeedMethods.swift in Sources */,
				E2CB18DC23018FC0009517DD /* Login_Host.swift in Sources */,
				E27040C923C60E580063C53B /* FeedCommentsCell.swift in Sources */,
				E291555B23006DE300524EC1 /* Extensions.swift in Sources */,
				E2DDC4142312E968002844F3 /* zeroPage.swift in Sources */,
				E2030E9922FEFBE600932345 /* ViewController.swift in Sources */,
				E25D565C23A11974005A8750 /* Chat_Create.swift in Sources */,
				E27040C723C60E380063C53B /* FeedCommentsTable.swift in Sources */,
				E267BB3423CF936200462007 /* EduChat+UIStackView.swift in Sources */,
				E29300312326698A00F94F46 /* ChatListContent.swift in Sources */,
				E22EBE1423D7386D006B0893 /* FeedQuizCreateModels.swift in Sources */,
				E2656D3B232027C400D791F7 /* Settings_Profile_Pic.swift in Sources */,
				E2B20AB8239BF0C9005BCF9C /* FriendshipMethods.swift in Sources */,
				E2030E9722FEFBE600932345 /* AppDelegate.swift in Sources */,
				E293003523266AA600F94F46 /* Chat.swift in Sources */,
				E2746E2A23A8DF52008CD3E2 /* FeedMainTable.swift in Sources */,
				E28EE1422302FAEB00161EB4 /* SignupNameDOB.swift in Sources */,
				E2552955232C38E9009714D9 /* ChatMessage.swift in Sources */,
				E2FDDDE823D72AF900CC5D02 /* FeedQuizResultCell.swift in Sources */,
				E2CB18F12301C00C009517DD /* LoginController.swift in Sources */,
				E25B717B23116E6F00393E22 /* Subject.swift in Sources */,
				E2D0E17D230EC6F30087F551 /* MainHost.swift in Sources */,
				E2656D35231FCEFD00D791F7 /* Settings_Controller.swift in Sources */,
				E264DCAA23D7B6A500C00604 /* FeedCreateQuizQuestionController.swift in Sources */,
				E23DF35C2304C5A300864B09 /* ActivityView.swift in Sources */,
				E2B20AB6239BEF5D005BCF9C /* Friendship.swift in Sources */,
				E2656D39231FD33E00D791F7 /* Settings_Host.swift in Sources */,
				E2190562231FA06400612407 /* Profile_Subject_Manager.swift in Sources */,
				E2CB18F52301D042009517DD /* FirstPageHost.swift in Sources */,
				E25DF8CF238D6F390058A8A1 /* MediaItems.swift in Sources */,
				E249D5B3231EE91E00E90DB3 /* Profile_Host.swift in Sources */,
				E2772B5B2317DCEF00579233 /* MainScreensController.swift in Sources */,
				E28EE1442303123F00161EB4 /* SignupPasswordSchool.swift in Sources */,
				E2F2E6B2230607D900376FB8 /* Profile_Content.swift in Sources */,
				E25DE506233118B0007829E1 /* Chat_View.swift in Sources */,
				E22EBE1623D7452B006B0893 /* FeedCreateQuizController.swift in Sources */,
				E277CD4423D4CDDB003D2251 /* FeedQuizController.swift in Sources */,
				E2BA8A7222FF0512003B9F93 /* UserMethods.swift in Sources */,
				E25AC71B23CC6892002E3DB1 /* FeedCreateController.swift in Sources */,
				E256D29923CC6DF800A7F43A /* EduChat+UITextView.swift in Sources */,
				E27E53FC230030B300A4F3FF /* AuthenticatingUser.swift in Sources */,
				E24F0CD62322D3300007B247 /* Chat_Signal.swift in Sources */,
				E28EE1462303173800161EB4 /* SignupFinish.swift in Sources */,
				E25B717923116BF900393E22 /* SubjectPickerSignup.swift in Sources */,
				E249D5B1231EC7CC00E90DB3 /* profileSubjectCell.swift in Sources */,
				E2DDC41223128813002844F3 /* EduChat.swift in Sources */,
				E227CC6723A91E7100D0BDDA /* FeedPostContentCell.swift in Sources */,
				E2CB18FB2302EDE9009517DD /* SignupEmailUsername.swift in Sources */,
				E25B717D23116E6F00393E22 /* SubjectMethods.swift in Sources */,
			);
			runOnlyForDeploymentPostprocessing = 0;
		};
/* End PBXSourcesBuildPhase section */

/* Begin PBXVariantGroup section */
		E2030E9A22FEFBE600932345 /* Main.storyboard */ = {
			isa = PBXVariantGroup;
			children = (
				E2030E9B22FEFBE600932345 /* Base */,
			);
			name = Main.storyboard;
			sourceTree = "<group>";
		};
		E2030E9F22FEFBEA00932345 /* LaunchScreen.storyboard */ = {
			isa = PBXVariantGroup;
			children = (
				E2030EA022FEFBEA00932345 /* Base */,
			);
			name = LaunchScreen.storyboard;
			sourceTree = "<group>";
		};
		E2746E3023A8E6C8008CD3E2 /* Feed.storyboard */ = {
			isa = PBXVariantGroup;
			children = (
				E2746E3123A8E6C8008CD3E2 /* Base */,
			);
			name = Feed.storyboard;
			sourceTree = "<group>";
		};
/* End PBXVariantGroup section */

/* Begin XCBuildConfiguration section */
		E2030EA322FEFBEA00932345 /* Debug */ = {
			isa = XCBuildConfiguration;
			buildSettings = {
				ALWAYS_SEARCH_USER_PATHS = NO;
				CLANG_ANALYZER_NONNULL = YES;
				CLANG_ANALYZER_NUMBER_OBJECT_CONVERSION = YES_AGGRESSIVE;
				CLANG_CXX_LANGUAGE_STANDARD = "gnu++14";
				CLANG_CXX_LIBRARY = "libc++";
				CLANG_ENABLE_MODULES = YES;
				CLANG_ENABLE_OBJC_ARC = YES;
				CLANG_ENABLE_OBJC_WEAK = YES;
				CLANG_WARN_BLOCK_CAPTURE_AUTORELEASING = YES;
				CLANG_WARN_BOOL_CONVERSION = YES;
				CLANG_WARN_COMMA = YES;
				CLANG_WARN_CONSTANT_CONVERSION = YES;
				CLANG_WARN_DEPRECATED_OBJC_IMPLEMENTATIONS = YES;
				CLANG_WARN_DIRECT_OBJC_ISA_USAGE = YES_ERROR;
				CLANG_WARN_DOCUMENTATION_COMMENTS = YES;
				CLANG_WARN_EMPTY_BODY = YES;
				CLANG_WARN_ENUM_CONVERSION = YES;
				CLANG_WARN_INFINITE_RECURSION = YES;
				CLANG_WARN_INT_CONVERSION = YES;
				CLANG_WARN_NON_LITERAL_NULL_CONVERSION = YES;
				CLANG_WARN_OBJC_IMPLICIT_RETAIN_SELF = YES;
				CLANG_WARN_OBJC_LITERAL_CONVERSION = YES;
				CLANG_WARN_OBJC_ROOT_CLASS = YES_ERROR;
				CLANG_WARN_RANGE_LOOP_ANALYSIS = YES;
				CLANG_WARN_STRICT_PROTOTYPES = YES;
				CLANG_WARN_SUSPICIOUS_MOVE = YES;
				CLANG_WARN_UNGUARDED_AVAILABILITY = YES_AGGRESSIVE;
				CLANG_WARN_UNREACHABLE_CODE = YES;
				CLANG_WARN__DUPLICATE_METHOD_MATCH = YES;
				CODE_SIGN_IDENTITY = "iPhone Developer";
				COPY_PHASE_STRIP = NO;
				DEBUG_INFORMATION_FORMAT = dwarf;
				ENABLE_STRICT_OBJC_MSGSEND = YES;
				ENABLE_TESTABILITY = YES;
				GCC_C_LANGUAGE_STANDARD = gnu11;
				GCC_DYNAMIC_NO_PIC = NO;
				GCC_NO_COMMON_BLOCKS = YES;
				GCC_OPTIMIZATION_LEVEL = 0;
				GCC_PREPROCESSOR_DEFINITIONS = (
					"DEBUG=1",
					"$(inherited)",
				);
				GCC_WARN_64_TO_32_BIT_CONVERSION = YES;
				GCC_WARN_ABOUT_RETURN_TYPE = YES_ERROR;
				GCC_WARN_UNDECLARED_SELECTOR = YES;
				GCC_WARN_UNINITIALIZED_AUTOS = YES_AGGRESSIVE;
				GCC_WARN_UNUSED_FUNCTION = YES;
				GCC_WARN_UNUSED_VARIABLE = YES;
				IPHONEOS_DEPLOYMENT_TARGET = 11.3;
				MTL_ENABLE_DEBUG_INFO = YES;
				ONLY_ACTIVE_ARCH = YES;
				SDKROOT = iphoneos;
				SWIFT_ACTIVE_COMPILATION_CONDITIONS = DEBUG;
				SWIFT_OPTIMIZATION_LEVEL = "-Onone";
			};
			name = Debug;
		};
		E2030EA422FEFBEA00932345 /* Release */ = {
			isa = XCBuildConfiguration;
			buildSettings = {
				ALWAYS_SEARCH_USER_PATHS = NO;
				CLANG_ANALYZER_NONNULL = YES;
				CLANG_ANALYZER_NUMBER_OBJECT_CONVERSION = YES_AGGRESSIVE;
				CLANG_CXX_LANGUAGE_STANDARD = "gnu++14";
				CLANG_CXX_LIBRARY = "libc++";
				CLANG_ENABLE_MODULES = YES;
				CLANG_ENABLE_OBJC_ARC = YES;
				CLANG_ENABLE_OBJC_WEAK = YES;
				CLANG_WARN_BLOCK_CAPTURE_AUTORELEASING = YES;
				CLANG_WARN_BOOL_CONVERSION = YES;
				CLANG_WARN_COMMA = YES;
				CLANG_WARN_CONSTANT_CONVERSION = YES;
				CLANG_WARN_DEPRECATED_OBJC_IMPLEMENTATIONS = YES;
				CLANG_WARN_DIRECT_OBJC_ISA_USAGE = YES_ERROR;
				CLANG_WARN_DOCUMENTATION_COMMENTS = YES;
				CLANG_WARN_EMPTY_BODY = YES;
				CLANG_WARN_ENUM_CONVERSION = YES;
				CLANG_WARN_INFINITE_RECURSION = YES;
				CLANG_WARN_INT_CONVERSION = YES;
				CLANG_WARN_NON_LITERAL_NULL_CONVERSION = YES;
				CLANG_WARN_OBJC_IMPLICIT_RETAIN_SELF = YES;
				CLANG_WARN_OBJC_LITERAL_CONVERSION = YES;
				CLANG_WARN_OBJC_ROOT_CLASS = YES_ERROR;
				CLANG_WARN_RANGE_LOOP_ANALYSIS = YES;
				CLANG_WARN_STRICT_PROTOTYPES = YES;
				CLANG_WARN_SUSPICIOUS_MOVE = YES;
				CLANG_WARN_UNGUARDED_AVAILABILITY = YES_AGGRESSIVE;
				CLANG_WARN_UNREACHABLE_CODE = YES;
				CLANG_WARN__DUPLICATE_METHOD_MATCH = YES;
				CODE_SIGN_IDENTITY = "iPhone Developer";
				COPY_PHASE_STRIP = NO;
				DEBUG_INFORMATION_FORMAT = "dwarf-with-dsym";
				ENABLE_NS_ASSERTIONS = NO;
				ENABLE_STRICT_OBJC_MSGSEND = YES;
				GCC_C_LANGUAGE_STANDARD = gnu11;
				GCC_NO_COMMON_BLOCKS = YES;
				GCC_WARN_64_TO_32_BIT_CONVERSION = YES;
				GCC_WARN_ABOUT_RETURN_TYPE = YES_ERROR;
				GCC_WARN_UNDECLARED_SELECTOR = YES;
				GCC_WARN_UNINITIALIZED_AUTOS = YES_AGGRESSIVE;
				GCC_WARN_UNUSED_FUNCTION = YES;
				GCC_WARN_UNUSED_VARIABLE = YES;
				IPHONEOS_DEPLOYMENT_TARGET = 11.3;
				MTL_ENABLE_DEBUG_INFO = NO;
				SDKROOT = iphoneos;
				SWIFT_COMPILATION_MODE = wholemodule;
				SWIFT_OPTIMIZATION_LEVEL = "-O";
				VALIDATE_PRODUCT = YES;
			};
			name = Release;
		};
		E2030EA622FEFBEA00932345 /* Debug */ = {
			isa = XCBuildConfiguration;
			baseConfigurationReference = 4D73E6D507E9043B23405E7E /* Pods-EduChat.debug.xcconfig */;
			buildSettings = {
				ASSETCATALOG_COMPILER_APPICON_NAME = AppIcon;
				CODE_SIGN_STYLE = Automatic;
				DEVELOPMENT_TEAM = 8H3J46CN24;
				INFOPLIST_FILE = EduChat/Info.plist;
				IPHONEOS_DEPLOYMENT_TARGET = 11.0;
				LD_RUNPATH_SEARCH_PATHS = (
					"$(inherited)",
					"@executable_path/Frameworks",
				);
				PRODUCT_BUNDLE_IDENTIFIER = online.tomk.EduChat;
				PRODUCT_NAME = "$(TARGET_NAME)";
				SWIFT_VERSION = 5.0;
				TARGETED_DEVICE_FAMILY = 1;
			};
			name = Debug;
		};
		E2030EA722FEFBEA00932345 /* Release */ = {
			isa = XCBuildConfiguration;
			baseConfigurationReference = 4AD0358259FD8994DDADA730 /* Pods-EduChat.release.xcconfig */;
			buildSettings = {
				ASSETCATALOG_COMPILER_APPICON_NAME = AppIcon;
				CODE_SIGN_STYLE = Automatic;
				DEVELOPMENT_TEAM = 8H3J46CN24;
				INFOPLIST_FILE = EduChat/Info.plist;
				IPHONEOS_DEPLOYMENT_TARGET = 11.0;
				LD_RUNPATH_SEARCH_PATHS = (
					"$(inherited)",
					"@executable_path/Frameworks",
				);
				PRODUCT_BUNDLE_IDENTIFIER = online.tomk.EduChat;
				PRODUCT_NAME = "$(TARGET_NAME)";
				SWIFT_VERSION = 5.0;
				TARGETED_DEVICE_FAMILY = 1;
			};
			name = Release;
		};
/* End XCBuildConfiguration section */

/* Begin XCConfigurationList section */
		E2030E8E22FEFBE600932345 /* Build configuration list for PBXProject "EduChat" */ = {
			isa = XCConfigurationList;
			buildConfigurations = (
				E2030EA322FEFBEA00932345 /* Debug */,
				E2030EA422FEFBEA00932345 /* Release */,
			);
			defaultConfigurationIsVisible = 0;
			defaultConfigurationName = Release;
		};
		E2030EA522FEFBEA00932345 /* Build configuration list for PBXNativeTarget "EduChat" */ = {
			isa = XCConfigurationList;
			buildConfigurations = (
				E2030EA622FEFBEA00932345 /* Debug */,
				E2030EA722FEFBEA00932345 /* Release */,
			);
			defaultConfigurationIsVisible = 0;
			defaultConfigurationName = Release;
		};
/* End XCConfigurationList section */
	};
	rootObject = E2030E8B22FEFBE600932345 /* Project object */;
}
